
Microsoft Visual Studio Solution File, Format Version 12.00
# Visual Studio 14
VisualStudioVersion = 14.0.25420.1
MinimumVisualStudioVersion = 10.0.40219.1
Project("{FAE04EC0-301F-11D3-BF4B-00C04F79EFBC}") = "WPF1", "WPF1\WPF1.csproj", "{ED0ACCDC-1464-4F5D-9A43-60732D056193}"
EndProject
Project("{FAE04EC0-301F-11D3-BF4B-00C04F79EFBC}") = "Kinugasa.Mvvm", "..\..\Kinugasa\Source\Shared\Kinugasa.Mvvm\Kinugasa.Mvvm.csproj", "{3B314F51-434D-45DA-9A0D-A436B837050A}"
EndProject
Global
	GlobalSection(SolutionConfigurationPlatforms) = preSolution
		Debug|Any CPU = Debug|Any CPU
		Debug|ARM = Debug|ARM
		Debug|x64 = Debug|x64
		Debug|x86 = Debug|x86
		Release|Any CPU = Release|Any CPU
		Release|ARM = Release|ARM
		Release|x64 = Release|x64
		Release|x86 = Release|x86
	EndGlobalSection
	GlobalSection(ProjectConfigurationPlatforms) = postSolution
		{ED0ACCDC-1464-4F5D-9A43-60732D056193}.Debug|Any CPU.ActiveCfg = Debug|Any CPU
		{ED0ACCDC-1464-4F5D-9A43-60732D056193}.Debug|Any CPU.Build.0 = Debug|Any CPU
		{ED0ACCDC-1464-4F5D-9A43-60732D056193}.Debug|ARM.ActiveCfg = Debug|Any CPU
		{ED0ACCDC-1464-4F5D-9A43-60732D056193}.Debug|ARM.Build.0 = Debug|Any CPU
		{ED0ACCDC-1464-4F5D-9A43-60732D056193}.Debug|x64.ActiveCfg = Debug|Any CPU
		{ED0ACCDC-1464-4F5D-9A43-60732D056193}.Debug|x64.Build.0 = Debug|Any CPU
		{ED0ACCDC-1464-4F5D-9A43-60732D056193}.Debug|x86.ActiveCfg = Debug|Any CPU
		{ED0ACCDC-1464-4F5D-9A43-60732D056193}.Debug|x86.Build.0 = Debug|Any CPU
		{ED0ACCDC-1464-4F5D-9A43-60732D056193}.Release|Any CPU.ActiveCfg = Release|Any CPU
		{ED0ACCDC-1464-4F5D-9A43-60732D056193}.Release|Any CPU.Build.0 = Release|Any CPU
		{ED0ACCDC-1464-4F5D-9A43-60732D056193}.Release|ARM.ActiveCfg = Release|Any CPU
		{ED0ACCDC-1464-4F5D-9A43-60732D056193}.Release|ARM.Build.0 = Release|Any CPU
		{ED0ACCDC-1464-4F5D-9A43-60732D056193}.Release|x64.ActiveCfg = Release|Any CPU
		{ED0ACCDC-1464-4F5D-9A43-60732D056193}.Release|x64.Build.0 = Release|Any CPU
		{ED0ACCDC-1464-4F5D-9A43-60732D056193}.Release|x86.ActiveCfg = Release|Any CPU
		{ED0ACCDC-1464-4F5D-9A43-60732D056193}.Release|x86.Build.0 = Release|Any CPU
		{3B314F51-434D-45DA-9A0D-A436B837050A}.Debug|Any CPU.ActiveCfg = Debug|Any CPU
		{3B314F51-434D-45DA-9A0D-A436B837050A}.Debug|Any CPU.Build.0 = Debug|Any CPU
		{3B314F51-434D-45DA-9A0D-A436B837050A}.Debug|ARM.ActiveCfg = Debug|Any CPU
		{3B314F51-434D-45DA-9A0D-A436B837050A}.Debug|ARM.Build.0 = Debug|Any CPU
		{3B314F51-434D-45DA-9A0D-A436B837050A}.Debug|x64.ActiveCfg = Debug|Any CPU
		{3B314F51-434D-45DA-9A0D-A436B837050A}.Debug|x64.Build.0 = Debug|Any CPU
		{3B314F51-434D-45DA-9A0D-A436B837050A}.Debug|x86.ActiveCfg = Debug|Any CPU
		{3B314F51-434D-45DA-9A0D-A436B837050A}.Debug|x86.Build.0 = Debug|Any CPU
		{3B314F51-434D-45DA-9A0D-A436B837050A}.Release|Any CPU.ActiveCfg = Release|Any CPU
		{3B314F51-434D-45DA-9A0D-A436B837050A}.Release|Any CPU.Build.0 = Release|Any CPU
		{3B314F51-434D-45DA-9A0D-A436B837050A}.Release|ARM.ActiveCfg = Release|Any CPU
		{3B314F51-434D-45DA-9A0D-A436B837050A}.Release|ARM.Build.0 = Release|Any CPU
		{3B314F51-434D-45DA-9A0D-A436B837050A}.Release|x64.ActiveCfg = Release|Any CPU
		{3B314F51-434D-45DA-9A0D-A436B837050A}.Release|x64.Build.0 = Release|Any CPU
		{3B314F51-434D-45DA-9A0D-A436B837050A}.Release|x86.ActiveCfg = Release|Any CPU
		{3B314F51-434D-45DA-9A0D-A436B837050A}.Release|x86.Build.0 = Release|Any CPU
	EndGlobalSection
	GlobalSection(SolutionProperties) = preSolution
		HideSolutionNode = FALSE
	EndGlobalSection
EndGlobal
